
Microsoft Visual Studio Solution File, Format Version 12.00
# Visual Studio Version 16
VisualStudioVersion = 16.0.29926.136
MinimumVisualStudioVersion = 10.0.40219.1
Project("{FAE04EC0-301F-11D3-BF4B-00C04F79EFBC}") = "Neural Network", "Neural Network\Neural Network.csproj", "{ADF8D476-72D5-4FA4-97F4-07EC456A88F0}"
EndProject
Global
	GlobalSection(SolutionConfigurationPlatforms) = preSolution
		Debug|Any CPU = Debug|Any CPU
		Release|Any CPU = Release|Any CPU
	EndGlobalSection
	GlobalSection(ProjectConfigurationPlatforms) = postSolution
		{ADF8D476-72D5-4FA4-97F4-07EC456A88F0}.Debug|Any CPU.ActiveCfg = Debug|Any CPU
		{ADF8D476-72D5-4FA4-97F4-07EC456A88F0}.Debug|Any CPU.Build.0 = Debug|Any CPU
		{ADF8D476-72D5-4FA4-97F4-07EC456A88F0}.Release|Any CPU.ActiveCfg = Release|Any CPU
		{ADF8D476-72D5-4FA4-97F4-07EC456A88F0}.Release|Any CPU.Build.0 = Release|Any CPU
	EndGlobalSection
	GlobalSection(SolutionProperties) = preSolution
		HideSolutionNode = FALSE
	EndGlobalSection
	GlobalSection(ExtensibilityGlobals) = postSolution
		SolutionGuid = {AC3D2A70-819C-4605-A8D9-2653DA71BECE}
	EndGlobalSection
EndGlobal
